{
  "name": "reboot-cms-admin",
  "version": "1.0.0",
  "lockfileVersion": 3,
  "requires": true,
  "packages": {
    "": {
      "name": "reboot-cms-admin",
      "version": "1.0.0",
      "license": "UNLICENSED",
      "dependencies": {
        "bootstrap": "^5.3.8",
        "bootstrap-auto-dark-mode": "^1.1.1",
        "bootstrap-show-toast": "^1.2.2",
        "cm-md-editor": "^3.0.0"
      }
    },
    "node_modules/@popperjs/core": {
      "version": "2.11.8",
      "resolved": "https://registry.npmjs.org/@popperjs/core/-/core-2.11.8.tgz",
      "integrity": "sha512-P1st0aksCrn9sGZhp8GMYwBnQsbvAWsZAX44oXNNvLHGqAOcoVxmjZiohstwQ7SqKnbR47akdNi+uleWD8+g6A==",
      "peer": true,
      "funding": {
        "type": "opencollective",
        "url": "https://opencollective.com/popperjs"
      }
    },
    "node_modules/bootstrap": {
      "version": "5.3.8",
      "resolved": "https://registry.npmjs.org/bootstrap/-/bootstrap-5.3.8.tgz",
      "integrity": "sha512-HP1SZDqaLDPwsNiqRqi5NcP0SSXciX2s9E+RyqJIIqGo+vJeN5AJVM98CXmW/Wux0nQ5L7jeWUdplCEf0Ee+tg==",
      "funding": [
        {
          "type": "github",
          "url": "https://github.com/sponsors/twbs"
        },
        {
          "type": "opencollective",
          "url": "https://opencollective.com/bootstrap"
        }
      ],
      "license": "MIT",
      "peerDependencies": {
        "@popperjs/core": "^2.11.8"
      }
    },
    "node_modules/bootstrap-auto-dark-mode": {
      "version": "1.1.1",
      "resolved": "https://registry.npmjs.org/bootstrap-auto-dark-mode/-/bootstrap-auto-dark-mode-1.1.1.tgz",
      "integrity": "sha512-xjRNLkrXkpBiWSsV/RmtvhbveTlylLISUYF4URIHkXlh+Nn5iSZux7lW9Y7HIp6tMKh4klUSwlFYklcMlkEuMw==",
      "license": "MIT"
    },
    "node_modules/bootstrap-show-toast": {
      "version": "1.2.2",
      "resolved": "https://registry.npmjs.org/bootstrap-show-toast/-/bootstrap-show-toast-1.2.2.tgz",
      "integrity": "sha512-ggEnz8tlcOhypwqbgW7V8m6l9DbL3Bu2yBIenVa1hCjNXkqd2I0ox4b+UTyP40OGCIuzDdZwKTsj0t7w4WCBfQ==",
      "license": "MIT"
    },
    "node_modules/cm-md-editor": {
      "version": "3.0.0",
      "resolved": "https://registry.npmjs.org/cm-md-editor/-/cm-md-editor-3.0.0.tgz",
      "integrity": "sha512-jBiu/MQuy7CFMvHphL226Igod8J+K5H/wCqTYV9JeMM5yPgmG7ky2+3LH+wo1vXbk6OrOEVsw+bs6pEPPDtXgA==",
      "license": "MIT"
    }
  }
}
